
Microsoft Visual Studio Solution File, Format Version 12.00
# Visual Studio Version 17
VisualStudioVersion = 17.3.32825.248
MinimumVisualStudioVersion = 10.0.40219.1
Project("{FAE04EC0-301F-11D3-BF4B-00C04F79EFBC}") = "LABA5WPF20202", "LABA5WPF20202\LABA5WPF20202.csproj", "{0164417D-044B-45E6-8E0C-9A9B4C1FC6C8}"
EndProject
Global
	GlobalSection(SolutionConfigurationPlatforms) = preSolution
		Debug|Any CPU = Debug|Any CPU
		Release|Any CPU = Release|Any CPU
	EndGlobalSection
	GlobalSection(ProjectConfigurationPlatforms) = postSolution
		{0164417D-044B-45E6-8E0C-9A9B4C1FC6C8}.Debug|Any CPU.ActiveCfg = Debug|Any CPU
		{0164417D-044B-45E6-8E0C-9A9B4C1FC6C8}.Debug|Any CPU.Build.0 = Debug|Any CPU
		{0164417D-044B-45E6-8E0C-9A9B4C1FC6C8}.Release|Any CPU.ActiveCfg = Release|Any CPU
		{0164417D-044B-45E6-8E0C-9A9B4C1FC6C8}.Release|Any CPU.Build.0 = Release|Any CPU
	EndGlobalSection
	GlobalSection(SolutionProperties) = preSolution
		HideSolutionNode = FALSE
	EndGlobalSection
	GlobalSection(ExtensibilityGlobals) = postSolution
		SolutionGuid = {DC194ABA-843C-4F55-8B7E-6932628BD373}
	EndGlobalSection
EndGlobal
